PODS:
  - CAAnimationBlocks (0.0.1)
  - SKBounceAnimation (1.0.03)

DEPENDENCIES:
  - CAAnimationBlocks (~> 0.0)
  - SKBounceAnimation (~> 1.0)

SPEC CHECKSUMS:
  CAAnimationBlocks: 1aaca5fb6447a95d83b20cc786992956ef46e4ee
  SKBounceAnimation: 6a9e4b08b4a83d90374e96d67ccd5e588d8b14f7

COCOAPODS: 0.37.1
